
Microsoft Visual Studio Solution File, Format Version 12.00
# Visual Studio Version 17
VisualStudioVersion = 17.9.34902.65
MinimumVisualStudioVersion = 10.0.40219.1
Project("{FAE04EC0-301F-11D3-BF4B-00C04F79EFBC}") = "MoreAmmo", "MoreAmmo\MoreAmmo.csproj", "{9FF36A2E-3B69-442D-9C22-3195996F76E6}"
EndProject
Global
	GlobalSection(SolutionConfigurationPlatforms) = preSolution
		Debug|Any CPU = Debug|Any CPU
		Release|Any CPU = Release|Any CPU
	EndGlobalSection
	GlobalSection(ProjectConfigurationPlatforms) = postSolution
		{9FF36A2E-3B69-442D-9C22-3195996F76E6}.Debug|Any CPU.ActiveCfg = Debug|Any CPU
		{9FF36A2E-3B69-442D-9C22-3195996F76E6}.Debug|Any CPU.Build.0 = Debug|Any CPU
		{9FF36A2E-3B69-442D-9C22-3195996F76E6}.Release|Any CPU.ActiveCfg = Release|Any CPU
		{9FF36A2E-3B69-442D-9C22-3195996F76E6}.Release|Any CPU.Build.0 = Release|Any CPU
	EndGlobalSection
	GlobalSection(SolutionProperties) = preSolution
		HideSolutionNode = FALSE
	EndGlobalSection
	GlobalSection(ExtensibilityGlobals) = postSolution
		SolutionGuid = {D51CE2AD-16D3-4A46-A006-189CA9B1944F}
	EndGlobalSection
EndGlobal
